
Microsoft Visual Studio Solution File, Format Version 12.00
# Visual Studio Version 16
VisualStudioVersion = 16.0.31019.35
MinimumVisualStudioVersion = 10.0.40219.1
Project("{FAE04EC0-301F-11D3-BF4B-00C04F79EFBC}") = "ReflectionAttributes", "ReflectionAttributes.csproj", "{31959422-77C7-420C-9D09-49406B89AA3F}"
EndProject
Global
	GlobalSection(SolutionConfigurationPlatforms) = preSolution
		Debug|Any CPU = Debug|Any CPU
		Release|Any CPU = Release|Any CPU
	EndGlobalSection
	GlobalSection(ProjectConfigurationPlatforms) = postSolution
		{31959422-77C7-420C-9D09-49406B89AA3F}.Debug|Any CPU.ActiveCfg = Debug|Any CPU
		{31959422-77C7-420C-9D09-49406B89AA3F}.Debug|Any CPU.Build.0 = Debug|Any CPU
		{31959422-77C7-420C-9D09-49406B89AA3F}.Release|Any CPU.ActiveCfg = Release|Any CPU
		{31959422-77C7-420C-9D09-49406B89AA3F}.Release|Any CPU.Build.0 = Release|Any CPU
	EndGlobalSection
	GlobalSection(SolutionProperties) = preSolution
		HideSolutionNode = FALSE
	EndGlobalSection
	GlobalSection(ExtensibilityGlobals) = postSolution
		SolutionGuid = {AFB6916C-CBF2-4005-A72D-D38E852AC6F4}
	EndGlobalSection
EndGlobal
