
Microsoft Visual Studio Solution File, Format Version 12.00
# Visual Studio Version 17
VisualStudioVersion = 17.1.31911.260
MinimumVisualStudioVersion = 10.0.40219.1
Project("{9A19103F-16F7-4668-BE54-9A1E7A4F7556}") = "LessonMonitor", "LessonMonitor\LessonMonitor.csproj", "{E0DDECF5-1EEB-4086-BC37-200C8EB13E9C}"
EndProject
Global
	GlobalSection(SolutionConfigurationPlatforms) = preSolution
		Debug|Any CPU = Debug|Any CPU
		Release|Any CPU = Release|Any CPU
	EndGlobalSection
	GlobalSection(ProjectConfigurationPlatforms) = postSolution
		{E0DDECF5-1EEB-4086-BC37-200C8EB13E9C}.Debug|Any CPU.ActiveCfg = Debug|Any CPU
		{E0DDECF5-1EEB-4086-BC37-200C8EB13E9C}.Debug|Any CPU.Build.0 = Debug|Any CPU
		{E0DDECF5-1EEB-4086-BC37-200C8EB13E9C}.Release|Any CPU.ActiveCfg = Release|Any CPU
		{E0DDECF5-1EEB-4086-BC37-200C8EB13E9C}.Release|Any CPU.Build.0 = Release|Any CPU
	EndGlobalSection
	GlobalSection(SolutionProperties) = preSolution
		HideSolutionNode = FALSE
	EndGlobalSection
	GlobalSection(ExtensibilityGlobals) = postSolution
		SolutionGuid = {EF36ADD5-768D-44C4-AA74-90FC0BB7455A}
	EndGlobalSection
EndGlobal
