
Microsoft Visual Studio Solution File, Format Version 12.00
# Visual Studio Version 17
VisualStudioVersion = 17.4.33122.133
MinimumVisualStudioVersion = 10.0.40219.1
Project("{9A19103F-16F7-4668-BE54-9A1E7A4F7556}") = "LessonMonitor.API", "LessonMonitor.API\LessonMonitor.API.csproj", "{2D5C21A9-2B86-4E4B-B751-9A9F16D7DFB5}"
EndProject
Project("{00D1A9C2-B5F0-4AF3-8072-F6C62B433612}") = "LessonMonitor.DataBase", "LessonMonitor.DataBase\LessonMonitor.DataBase.sqlproj", "{A54EC47F-1ECB-4188-A127-CB465FB67979}"
EndProject
Project("{9A19103F-16F7-4668-BE54-9A1E7A4F7556}") = "ConsoleApp1", "ConsoleApp1\ConsoleApp1.csproj", "{DE2AA10A-F3C0-444A-8211-42709A44F396}"
EndProject
Project("{9A19103F-16F7-4668-BE54-9A1E7A4F7556}") = "LessonMonitor.BusinessLogic", "LessonMonitor.BusinessLogic\LessonMonitor.BusinessLogic.csproj", "{7674BAA5-823C-4FF7-9500-4DDC29E7A9B3}"
EndProject
Project("{9A19103F-16F7-4668-BE54-9A1E7A4F7556}") = "LessonMonitor.DataAccess", "LessonMonitor.DataAccess\LessonMonitor.DataAccess.csproj", "{A18D7011-B00D-476B-85C0-40A65BD56E66}"
EndProject
Project("{9A19103F-16F7-4668-BE54-9A1E7A4F7556}") = "LessonMonitor.Core", "LessonMonitor.Core\LessonMonitor.Core.csproj", "{538A085C-F086-4FA5-B99B-C70708EB8FC2}"
EndProject
Project("{9A19103F-16F7-4668-BE54-9A1E7A4F7556}") = "LessonMonitor.BusinessLogic.MSTests", "LessonMonitor.BusinessLogic.MSTests\LessonMonitor.BusinessLogic.MSTests.csproj", "{C57A658B-C8BC-4E52-AD6A-3DBDC3594D99}"
EndProject
Project("{FAE04EC0-301F-11D3-BF4B-00C04F79EFBC}") = "LessonMonitor.BusinessLogic.NUnitTests", "LessonMonitor.BusinessLogic.NUnitTests\LessonMonitor.BusinessLogic.NUnitTests.csproj", "{F1C3FCFB-F8C8-4907-9663-4BAC552E13BA}"
EndProject
Project("{FAE04EC0-301F-11D3-BF4B-00C04F79EFBC}") = "LessonMonitor.BusinessLogic.XUnitTests", "LessonMonitor.BusinessLogic.XUnitTests\LessonMonitor.BusinessLogic.XUnitTests.csproj", "{5CB08B23-4668-474D-9BE6-183816D56B27}"
EndProject
Global
	GlobalSection(SolutionConfigurationPlatforms) = preSolution
		Debug|Any CPU = Debug|Any CPU
		Release|Any CPU = Release|Any CPU
	EndGlobalSection
	GlobalSection(ProjectConfigurationPlatforms) = postSolution
		{2D5C21A9-2B86-4E4B-B751-9A9F16D7DFB5}.Debug|Any CPU.ActiveCfg = Debug|Any CPU
		{2D5C21A9-2B86-4E4B-B751-9A9F16D7DFB5}.Debug|Any CPU.Build.0 = Debug|Any CPU
		{2D5C21A9-2B86-4E4B-B751-9A9F16D7DFB5}.Release|Any CPU.ActiveCfg = Release|Any CPU
		{2D5C21A9-2B86-4E4B-B751-9A9F16D7DFB5}.Release|Any CPU.Build.0 = Release|Any CPU
		{A54EC47F-1ECB-4188-A127-CB465FB67979}.Debug|Any CPU.ActiveCfg = Debug|Any CPU
		{A54EC47F-1ECB-4188-A127-CB465FB67979}.Debug|Any CPU.Build.0 = Debug|Any CPU
		{A54EC47F-1ECB-4188-A127-CB465FB67979}.Debug|Any CPU.Deploy.0 = Debug|Any CPU
		{A54EC47F-1ECB-4188-A127-CB465FB67979}.Release|Any CPU.ActiveCfg = Release|Any CPU
		{A54EC47F-1ECB-4188-A127-CB465FB67979}.Release|Any CPU.Build.0 = Release|Any CPU
		{A54EC47F-1ECB-4188-A127-CB465FB67979}.Release|Any CPU.Deploy.0 = Release|Any CPU
		{DE2AA10A-F3C0-444A-8211-42709A44F396}.Debug|Any CPU.ActiveCfg = Debug|Any CPU
		{DE2AA10A-F3C0-444A-8211-42709A44F396}.Debug|Any CPU.Build.0 = Debug|Any CPU
		{DE2AA10A-F3C0-444A-8211-42709A44F396}.Release|Any CPU.ActiveCfg = Release|Any CPU
		{DE2AA10A-F3C0-444A-8211-42709A44F396}.Release|Any CPU.Build.0 = Release|Any CPU
		{7674BAA5-823C-4FF7-9500-4DDC29E7A9B3}.Debug|Any CPU.ActiveCfg = Debug|Any CPU
		{7674BAA5-823C-4FF7-9500-4DDC29E7A9B3}.Debug|Any CPU.Build.0 = Debug|Any CPU
		{7674BAA5-823C-4FF7-9500-4DDC29E7A9B3}.Release|Any CPU.ActiveCfg = Release|Any CPU
		{7674BAA5-823C-4FF7-9500-4DDC29E7A9B3}.Release|Any CPU.Build.0 = Release|Any CPU
		{A18D7011-B00D-476B-85C0-40A65BD56E66}.Debug|Any CPU.ActiveCfg = Debug|Any CPU
		{A18D7011-B00D-476B-85C0-40A65BD56E66}.Debug|Any CPU.Build.0 = Debug|Any CPU
		{A18D7011-B00D-476B-85C0-40A65BD56E66}.Release|Any CPU.ActiveCfg = Release|Any CPU
		{A18D7011-B00D-476B-85C0-40A65BD56E66}.Release|Any CPU.Build.0 = Release|Any CPU
		{538A085C-F086-4FA5-B99B-C70708EB8FC2}.Debug|Any CPU.ActiveCfg = Debug|Any CPU
		{538A085C-F086-4FA5-B99B-C70708EB8FC2}.Debug|Any CPU.Build.0 = Debug|Any CPU
		{538A085C-F086-4FA5-B99B-C70708EB8FC2}.Release|Any CPU.ActiveCfg = Release|Any CPU
		{538A085C-F086-4FA5-B99B-C70708EB8FC2}.Release|Any CPU.Build.0 = Release|Any CPU
		{C57A658B-C8BC-4E52-AD6A-3DBDC3594D99}.Debug|Any CPU.ActiveCfg = Debug|Any CPU
		{C57A658B-C8BC-4E52-AD6A-3DBDC3594D99}.Debug|Any CPU.Build.0 = Debug|Any CPU
		{C57A658B-C8BC-4E52-AD6A-3DBDC3594D99}.Release|Any CPU.ActiveCfg = Release|Any CPU
		{C57A658B-C8BC-4E52-AD6A-3DBDC3594D99}.Release|Any CPU.Build.0 = Release|Any CPU
		{F1C3FCFB-F8C8-4907-9663-4BAC552E13BA}.Debug|Any CPU.ActiveCfg = Debug|Any CPU
		{F1C3FCFB-F8C8-4907-9663-4BAC552E13BA}.Debug|Any CPU.Build.0 = Debug|Any CPU
		{F1C3FCFB-F8C8-4907-9663-4BAC552E13BA}.Release|Any CPU.ActiveCfg = Release|Any CPU
		{F1C3FCFB-F8C8-4907-9663-4BAC552E13BA}.Release|Any CPU.Build.0 = Release|Any CPU
		{5CB08B23-4668-474D-9BE6-183816D56B27}.Debug|Any CPU.ActiveCfg = Debug|Any CPU
		{5CB08B23-4668-474D-9BE6-183816D56B27}.Debug|Any CPU.Build.0 = Debug|Any CPU
		{5CB08B23-4668-474D-9BE6-183816D56B27}.Release|Any CPU.ActiveCfg = Release|Any CPU
		{5CB08B23-4668-474D-9BE6-183816D56B27}.Release|Any CPU.Build.0 = Release|Any CPU
	EndGlobalSection
	GlobalSection(SolutionProperties) = preSolution
		HideSolutionNode = FALSE
	EndGlobalSection
	GlobalSection(ExtensibilityGlobals) = postSolution
		SolutionGuid = {EF36ADD5-768D-44C4-AA74-90FC0BB7455A}
	EndGlobalSection
EndGlobal
