
Microsoft Visual Studio Solution File, Format Version 12.00
# Visual Studio Version 16
VisualStudioVersion = 16.0.31019.35
MinimumVisualStudioVersion = 10.0.40219.1
Project("{9A19103F-16F7-4668-BE54-9A1E7A4F7556}") = "LessonMonitor.API", "LessonMonitor.API.csproj", "{96507684-4769-4C4D-ABD3-904513513620}"
EndProject
Project("{FAE04EC0-301F-11D3-BF4B-00C04F79EFBC}") = "LessonMonitor.BusinessLogic", "..\LessonMonitor.BusinessLogic\LessonMonitor.BusinessLogic.csproj", "{B9EC095B-B425-4F62-A8CA-54395B3DF43B}"
EndProject
Project("{FAE04EC0-301F-11D3-BF4B-00C04F79EFBC}") = "LessonMonitor.DataAccess", "..\LessonMonitor.DataAcess\LessonMonitor.DataAccess.csproj", "{079A829D-59BE-4D9E-8CDC-E7754F60081B}"
EndProject
Project("{FAE04EC0-301F-11D3-BF4B-00C04F79EFBC}") = "LessonMonitor.Core", "..\LessonMonitor.Core\LessonMonitor.Core.csproj", "{6701E45B-A037-4FF3-8865-8EF5A5024158}"
EndProject
Global
	GlobalSection(SolutionConfigurationPlatforms) = preSolution
		Debug|Any CPU = Debug|Any CPU
		Release|Any CPU = Release|Any CPU
	EndGlobalSection
	GlobalSection(ProjectConfigurationPlatforms) = postSolution
		{96507684-4769-4C4D-ABD3-904513513620}.Debug|Any CPU.ActiveCfg = Debug|Any CPU
		{96507684-4769-4C4D-ABD3-904513513620}.Debug|Any CPU.Build.0 = Debug|Any CPU
		{96507684-4769-4C4D-ABD3-904513513620}.Release|Any CPU.ActiveCfg = Release|Any CPU
		{96507684-4769-4C4D-ABD3-904513513620}.Release|Any CPU.Build.0 = Release|Any CPU
		{B9EC095B-B425-4F62-A8CA-54395B3DF43B}.Debug|Any CPU.ActiveCfg = Debug|Any CPU
		{B9EC095B-B425-4F62-A8CA-54395B3DF43B}.Debug|Any CPU.Build.0 = Debug|Any CPU
		{B9EC095B-B425-4F62-A8CA-54395B3DF43B}.Release|Any CPU.ActiveCfg = Release|Any CPU
		{B9EC095B-B425-4F62-A8CA-54395B3DF43B}.Release|Any CPU.Build.0 = Release|Any CPU
		{079A829D-59BE-4D9E-8CDC-E7754F60081B}.Debug|Any CPU.ActiveCfg = Debug|Any CPU
		{079A829D-59BE-4D9E-8CDC-E7754F60081B}.Debug|Any CPU.Build.0 = Debug|Any CPU
		{079A829D-59BE-4D9E-8CDC-E7754F60081B}.Release|Any CPU.ActiveCfg = Release|Any CPU
		{079A829D-59BE-4D9E-8CDC-E7754F60081B}.Release|Any CPU.Build.0 = Release|Any CPU
		{6701E45B-A037-4FF3-8865-8EF5A5024158}.Debug|Any CPU.ActiveCfg = Debug|Any CPU
		{6701E45B-A037-4FF3-8865-8EF5A5024158}.Debug|Any CPU.Build.0 = Debug|Any CPU
		{6701E45B-A037-4FF3-8865-8EF5A5024158}.Release|Any CPU.ActiveCfg = Release|Any CPU
		{6701E45B-A037-4FF3-8865-8EF5A5024158}.Release|Any CPU.Build.0 = Release|Any CPU
	EndGlobalSection
	GlobalSection(SolutionProperties) = preSolution
		HideSolutionNode = FALSE
	EndGlobalSection
	GlobalSection(ExtensibilityGlobals) = postSolution
		SolutionGuid = {2533A764-69B6-4A8B-A672-908BD8FAD68C}
	EndGlobalSection
EndGlobal
